// !$*UTF8*$!
{
	archiveVersion = 1;
	classes = {
	};
	objectVersion = 56;
	objects = {

/* Begin PBXBuildFile section */
		2EA018CD29D3F89700B7460A /* AppDelegate.swift in Sources */ = {isa = PBXBuildFile; fileRef = 2EA018CC29D3F89700B7460A /* AppDelegate.swift */; };
		2EA018CF29D3F89700B7460A /* SceneDelegate.swift in Sources */ = {isa = PBXBuildFile; fileRef = 2EA018CE29D3F89700B7460A /* SceneDelegate.swift */; };
		2EA018D129D3F89700B7460A /* ViewController.swift in Sources */ = {isa = PBXBuildFile; fileRef = 2EA018D029D3F89700B7460A /* ViewController.swift */; };
		2EA018D429D3F89700B7460A /* Main.storyboard in Resources */ = {isa = PBXBuildFile; fileRef = 2EA018D229D3F89700B7460A /* Main.storyboard */; };
		2EA018D629D3F89B00B7460A /* Assets.xcassets in Resources */ = {isa = PBXBuildFile; fileRef = 2EA018D529D3F89B00B7460A /* Assets.xcassets */; };
		2EA018D929D3F89B00B7460A /* LaunchScreen.storyboard in Resources */ = {isa = PBXBuildFile; fileRef = 2EA018D729D3F89B00B7460A /* LaunchScreen.storyboard */; };
		2EA018E129D3FA4800B7460A /* RegisterViewController.swift in Sources */ = {isa = PBXBuildFile; fileRef = 2EA018E029D3FA4800B7460A /* RegisterViewController.swift */; };
		2EA018E329D3FA5C00B7460A /* LoginViewController.swift in Sources */ = {isa = PBXBuildFile; fileRef = 2EA018E229D3FA5C00B7460A /* LoginViewController.swift */; };
		2EA018E529D3FA9900B7460A /* ChatViewController.swift in Sources */ = {isa = PBXBuildFile; fileRef = 2EA018E429D3FA9900B7460A /* ChatViewController.swift */; };
		2EA018E729D3FB4500B7460A /* GoogleService-Info.plist in Resources */ = {isa = PBXBuildFile; fileRef = 2EA018E629D3FB4500B7460A /* GoogleService-Info.plist */; };
		2EA018EA29D3FD3D00B7460A /* FirebaseAnalytics in Frameworks */ = {isa = PBXBuildFile; productRef = 2EA018E929D3FD3D00B7460A /* FirebaseAnalytics */; };
		2EA018EC29D3FD3D00B7460A /* FirebaseAnalyticsOnDeviceConversion in Frameworks */ = {isa = PBXBuildFile; productRef = 2EA018EB29D3FD3D00B7460A /* FirebaseAnalyticsOnDeviceConversion */; };
		2EA018EE29D3FD3D00B7460A /* FirebaseAnalyticsSwift in Frameworks */ = {isa = PBXBuildFile; productRef = 2EA018ED29D3FD3D00B7460A /* FirebaseAnalyticsSwift */; };
		2EA018F029D3FD3D00B7460A /* FirebaseAnalyticsWithoutAdIdSupport in Frameworks */ = {isa = PBXBuildFile; productRef = 2EA018EF29D3FD3D00B7460A /* FirebaseAnalyticsWithoutAdIdSupport */; };
		2EA018F229D3FD3D00B7460A /* FirebaseAppCheck in Frameworks */ = {isa = PBXBuildFile; productRef = 2EA018F129D3FD3D00B7460A /* FirebaseAppCheck */; };
		2EA018F429D3FD3D00B7460A /* FirebaseAppDistribution-Beta in Frameworks */ = {isa = PBXBuildFile; productRef = 2EA018F329D3FD3D00B7460A /* FirebaseAppDistribution-Beta */; };
		2EA018F629D3FD3D00B7460A /* FirebaseAuth in Frameworks */ = {isa = PBXBuildFile; productRef = 2EA018F529D3FD3D00B7460A /* FirebaseAuth */; };
		2EA018F829D3FD3D00B7460A /* FirebaseAuthCombine-Community in Frameworks */ = {isa = PBXBuildFile; productRef = 2EA018F729D3FD3D00B7460A /* FirebaseAuthCombine-Community */; };
		2EA018FA29D3FD3D00B7460A /* FirebaseCrashlytics in Frameworks */ = {isa = PBXBuildFile; productRef = 2EA018F929D3FD3D00B7460A /* FirebaseCrashlytics */; };
		2EA018FC29D3FD3D00B7460A /* FirebaseDatabase in Frameworks */ = {isa = PBXBuildFile; productRef = 2EA018FB29D3FD3D00B7460A /* FirebaseDatabase */; };
		2EA018FE29D3FD3D00B7460A /* FirebaseDatabaseSwift in Frameworks */ = {isa = PBXBuildFile; productRef = 2EA018FD29D3FD3D00B7460A /* FirebaseDatabaseSwift */; };
		2EA0190029D3FD3D00B7460A /* FirebaseDynamicLinks in Frameworks */ = {isa = PBXBuildFile; productRef = 2EA018FF29D3FD3D00B7460A /* FirebaseDynamicLinks */; };
		2EA0190229D3FD3D00B7460A /* FirebaseFirestore in Frameworks */ = {isa = PBXBuildFile; productRef = 2EA0190129D3FD3D00B7460A /* FirebaseFirestore */; };
		2EA0190429D3FD3D00B7460A /* FirebaseFirestoreCombine-Community in Frameworks */ = {isa = PBXBuildFile; productRef = 2EA0190329D3FD3D00B7460A /* FirebaseFirestoreCombine-Community */; };
		2EA0190629D3FD3D00B7460A /* FirebaseFirestoreSwift in Frameworks */ = {isa = PBXBuildFile; productRef = 2EA0190529D3FD3D00B7460A /* FirebaseFirestoreSwift */; };
		2EA0190829D3FD3D00B7460A /* FirebaseFunctions in Frameworks */ = {isa = PBXBuildFile; productRef = 2EA0190729D3FD3D00B7460A /* FirebaseFunctions */; };
		2EA0190A29D3FD3D00B7460A /* FirebaseFunctionsCombine-Community in Frameworks */ = {isa = PBXBuildFile; productRef = 2EA0190929D3FD3D00B7460A /* FirebaseFunctionsCombine-Community */; };
		2EA0190C29D3FD3D00B7460A /* FirebaseInAppMessaging-Beta in Frameworks */ = {isa = PBXBuildFile; productRef = 2EA0190B29D3FD3D00B7460A /* FirebaseInAppMessaging-Beta */; };
		2EA0190E29D3FD3D00B7460A /* FirebaseInAppMessagingSwift-Beta in Frameworks */ = {isa = PBXBuildFile; productRef = 2EA0190D29D3FD3D00B7460A /* FirebaseInAppMessagingSwift-Beta */; };
		2EA0191029D3FD3D00B7460A /* FirebaseInstallations in Frameworks */ = {isa = PBXBuildFile; productRef = 2EA0190F29D3FD3D00B7460A /* FirebaseInstallations */; };
		2EA0191229D3FD3D00B7460A /* FirebaseMLModelDownloader in Frameworks */ = {isa = PBXBuildFile; productRef = 2EA0191129D3FD3D00B7460A /* FirebaseMLModelDownloader */; };
		2EA0191429D3FD3D00B7460A /* FirebaseMessaging in Frameworks */ = {isa = PBXBuildFile; productRef = 2EA0191329D3FD3D00B7460A /* FirebaseMessaging */; };
		2EA0191629D3FD3D00B7460A /* FirebasePerformance in Frameworks */ = {isa = PBXBuildFile; productRef = 2EA0191529D3FD3D00B7460A /* FirebasePerformance */; };
		2EA0191829D3FD3D00B7460A /* FirebaseRemoteConfig in Frameworks */ = {isa = PBXBuildFile; productRef = 2EA0191729D3FD3D00B7460A /* FirebaseRemoteConfig */; };
		2EA0191A29D3FD3D00B7460A /* FirebaseRemoteConfigSwift in Frameworks */ = {isa = PBXBuildFile; productRef = 2EA0191929D3FD3D00B7460A /* FirebaseRemoteConfigSwift */; };
		2EA0191C29D3FD3D00B7460A /* FirebaseStorage in Frameworks */ = {isa = PBXBuildFile; productRef = 2EA0191B29D3FD3D00B7460A /* FirebaseStorage */; };
		2EA0191E29D3FD3D00B7460A /* FirebaseStorageCombine-Community in Frameworks */ = {isa = PBXBuildFile; productRef = 2EA0191D29D3FD3D00B7460A /* FirebaseStorageCombine-Community */; };
		2EBD22E229D5411900F7A9BF /* IQKeyboardManagerSwift in Frameworks */ = {isa = PBXBuildFile; productRef = 2EBD22E129D5411900F7A9BF /* IQKeyboardManagerSwift */; };
/* End PBXBuildFile section */

/* Begin PBXFileReference section */
		2EA018C929D3F89700B7460A /* CHit CHat.app */ = {isa = PBXFileReference; explicitFileType = wrapper.application; includeInIndex = 0; path = "CHit CHat.app"; sourceTree = BUILT_PRODUCTS_DIR; };
		2EA018CC29D3F89700B7460A /* AppDelegate.swift */ = {isa = PBXFileReference; lastKnownFileType = sourcecode.swift; path = AppDelegate.swift; sourceTree = "<group>"; };
		2EA018CE29D3F89700B7460A /* SceneDelegate.swift */ = {isa = PBXFileReference; lastKnownFileType = sourcecode.swift; path = SceneDelegate.swift; sourceTree = "<group>"; };
		2EA018D029D3F89700B7460A /* ViewController.swift */ = {isa = PBXFileReference; lastKnownFileType = sourcecode.swift; path = ViewController.swift; sourceTree = "<group>"; };
		2EA018D329D3F89700B7460A /* Base */ = {isa = PBXFileReference; lastKnownFileType = file.storyboard; name = Base; path = Base.lproj/Main.storyboard; sourceTree = "<group>"; };
		2EA018D529D3F89B00B7460A /* Assets.xcassets */ = {isa = PBXFileReference; lastKnownFileType = folder.assetcatalog; path = Assets.xcassets; sourceTree = "<group>"; };
		2EA018D829D3F89B00B7460A /* Base */ = {isa = PBXFileReference; lastKnownFileType = file.storyboard; name = Base; path = Base.lproj/LaunchScreen.storyboard; sourceTree = "<group>"; };
		2EA018DA29D3F89B00B7460A /* Info.plist */ = {isa = PBXFileReference; lastKnownFileType = text.plist.xml; path = Info.plist; sourceTree = "<group>"; };
		2EA018E029D3FA4800B7460A /* RegisterViewController.swift */ = {isa = PBXFileReference; lastKnownFileType = sourcecode.swift; path = RegisterViewController.swift; sourceTree = "<group>"; };
		2EA018E229D3FA5C00B7460A /* LoginViewController.swift */ = {isa = PBXFileReference; lastKnownFileType = sourcecode.swift; path = LoginViewController.swift; sourceTree = "<group>"; };
		2EA018E429D3FA9900B7460A /* ChatViewController.swift */ = {isa = PBXFileReference; lastKnownFileType = sourcecode.swift; path = ChatViewController.swift; sourceTree = "<group>"; };
		2EA018E629D3FB4500B7460A /* GoogleService-Info.plist */ = {isa = PBXFileReference; fileEncoding = 4; lastKnownFileType = text.plist.xml; path = "GoogleService-Info.plist"; sourceTree = "<group>"; };
/* End PBXFileReference section */

/* Begin PBXFrameworksBuildPhase section */
		2EA018C629D3F89700B7460A /* Frameworks */ = {
			isa = PBXFrameworksBuildPhase;
			buildActionMask = 2147483647;
			files = (
				2EA018FC29D3FD3D00B7460A /* FirebaseDatabase in Frameworks */,
				2EA0190A29D3FD3D00B7460A /* FirebaseFunctionsCombine-Community in Frameworks */,
				2EA0190229D3FD3D00B7460A /* FirebaseFirestore in Frameworks */,
				2EA018EE29D3FD3D00B7460A /* FirebaseAnalyticsSwift in Frameworks */,
				2EA018EA29D3FD3D00B7460A /* FirebaseAnalytics in Frameworks */,
				2EA018EC29D3FD3D00B7460A /* FirebaseAnalyticsOnDeviceConversion in Frameworks */,
				2EA0191229D3FD3D00B7460A /* FirebaseMLModelDownloader in Frameworks */,
				2EA0190629D3FD3D00B7460A /* FirebaseFirestoreSwift in Frameworks */,
				2EA018F229D3FD3D00B7460A /* FirebaseAppCheck in Frameworks */,
				2EA018F029D3FD3D00B7460A /* FirebaseAnalyticsWithoutAdIdSupport in Frameworks */,
				2EA018F629D3FD3D00B7460A /* FirebaseAuth in Frameworks */,
				2EA018FA29D3FD3D00B7460A /* FirebaseCrashlytics in Frameworks */,
				2EA0191A29D3FD3D00B7460A /* FirebaseRemoteConfigSwift in Frameworks */,
				2EA0190C29D3FD3D00B7460A /* FirebaseInAppMessaging-Beta in Frameworks */,
				2EA018FE29D3FD3D00B7460A /* FirebaseDatabaseSwift in Frameworks */,
				2EA0190829D3FD3D00B7460A /* FirebaseFunctions in Frameworks */,
				2EA0191E29D3FD3D00B7460A /* FirebaseStorageCombine-Community in Frameworks */,
				2EA0191829D3FD3D00B7460A /* FirebaseRemoteConfig in Frameworks */,
				2EA018F429D3FD3D00B7460A /* FirebaseAppDistribution-Beta in Frameworks */,
				2EA018F829D3FD3D00B7460A /* FirebaseAuthCombine-Community in Frameworks */,
				2EA0191629D3FD3D00B7460A /* FirebasePerformance in Frameworks */,
				2EBD22E229D5411900F7A9BF /* IQKeyboardManagerSwift in Frameworks */,
				2EA0190E29D3FD3D00B7460A /* FirebaseInAppMessagingSwift-Beta in Frameworks */,
				2EA0191C29D3FD3D00B7460A /* FirebaseStorage in Frameworks */,
				2EA0190029D3FD3D00B7460A /* FirebaseDynamicLinks in Frameworks */,
				2EA0190429D3FD3D00B7460A /* FirebaseFirestoreCombine-Community in Frameworks */,
				2EA0191429D3FD3D00B7460A /* FirebaseMessaging in Frameworks */,
				2EA0191029D3FD3D00B7460A /* FirebaseInstallations in Frameworks */,
			);
			runOnlyForDeploymentPostprocessing = 0;
		};
/* End PBXFrameworksBuildPhase section */

/* Begin PBXGroup section */
		2EA018C029D3F89700B7460A = {
			isa = PBXGroup;
			children = (
				2EA018CB29D3F89700B7460A /* CHit CHat */,
				2EA018CA29D3F89700B7460A /* Products */,
			);
			sourceTree = "<group>";
		};
		2EA018CA29D3F89700B7460A /* Products */ = {
			isa = PBXGroup;
			children = (
				2EA018C929D3F89700B7460A /* CHit CHat.app */,
			);
			name = Products;
			sourceTree = "<group>";
		};
		2EA018CB29D3F89700B7460A /* CHit CHat */ = {
			isa = PBXGroup;
			children = (
				2EA018CC29D3F89700B7460A /* AppDelegate.swift */,
				2EA018CE29D3F89700B7460A /* SceneDelegate.swift */,
				2EA018D029D3F89700B7460A /* ViewController.swift */,
				2EA018D229D3F89700B7460A /* Main.storyboard */,
				2EA018E429D3FA9900B7460A /* ChatViewController.swift */,
				2EA018E029D3FA4800B7460A /* RegisterViewController.swift */,
				2EA018E229D3FA5C00B7460A /* LoginViewController.swift */,
				2EA018D529D3F89B00B7460A /* Assets.xcassets */,
				2EA018D729D3F89B00B7460A /* LaunchScreen.storyboard */,
				2EA018DA29D3F89B00B7460A /* Info.plist */,
				2EA018E629D3FB4500B7460A /* GoogleService-Info.plist */,
			);
			path = "CHit CHat";
			sourceTree = "<group>";
		};
/* End PBXGroup section */

/* Begin PBXNativeTarget section */
		2EA018C829D3F89700B7460A /* CHit CHat */ = {
			isa = PBXNativeTarget;
			buildConfigurationList = 2EA018DD29D3F89B00B7460A /* Build configuration list for PBXNativeTarget "CHit CHat" */;
			buildPhases = (
				2EA018C529D3F89700B7460A /* Sources */,
				2EA018C629D3F89700B7460A /* Frameworks */,
				2EA018C729D3F89700B7460A /* Resources */,
			);
			buildRules = (
			);
			dependencies = (
			);
			name = "CHit CHat";
			packageProductDependencies = (
				2EA018E929D3FD3D00B7460A /* FirebaseAnalytics */,
				2EA018EB29D3FD3D00B7460A /* FirebaseAnalyticsOnDeviceConversion */,
				2EA018ED29D3FD3D00B7460A /* FirebaseAnalyticsSwift */,
				2EA018EF29D3FD3D00B7460A /* FirebaseAnalyticsWithoutAdIdSupport */,
				2EA018F129D3FD3D00B7460A /* FirebaseAppCheck */,
				2EA018F329D3FD3D00B7460A /* FirebaseAppDistribution-Beta */,
				2EA018F529D3FD3D00B7460A /* FirebaseAuth */,
				2EA018F729D3FD3D00B7460A /* FirebaseAuthCombine-Community */,
				2EA018F929D3FD3D00B7460A /* FirebaseCrashlytics */,
				2EA018FB29D3FD3D00B7460A /* FirebaseDatabase */,
				2EA018FD29D3FD3D00B7460A /* FirebaseDatabaseSwift */,
				2EA018FF29D3FD3D00B7460A /* FirebaseDynamicLinks */,
				2EA0190129D3FD3D00B7460A /* FirebaseFirestore */,
				2EA0190329D3FD3D00B7460A /* FirebaseFirestoreCombine-Community */,
				2EA0190529D3FD3D00B7460A /* FirebaseFirestoreSwift */,
				2EA0190729D3FD3D00B7460A /* FirebaseFunctions */,
				2EA0190929D3FD3D00B7460A /* FirebaseFunctionsCombine-Community */,
				2EA0190B29D3FD3D00B7460A /* FirebaseInAppMessaging-Beta */,
				2EA0190D29D3FD3D00B7460A /* FirebaseInAppMessagingSwift-Beta */,
				2EA0190F29D3FD3D00B7460A /* FirebaseInstallations */,
				2EA0191129D3FD3D00B7460A /* FirebaseMLModelDownloader */,
				2EA0191329D3FD3D00B7460A /* FirebaseMessaging */,
				2EA0191529D3FD3D00B7460A /* FirebasePerformance */,
				2EA0191729D3FD3D00B7460A /* FirebaseRemoteConfig */,
				2EA0191929D3FD3D00B7460A /* FirebaseRemoteConfigSwift */,
				2EA0191B29D3FD3D00B7460A /* FirebaseStorage */,
				2EA0191D29D3FD3D00B7460A /* FirebaseStorageCombine-Community */,
				2EBD22E129D5411900F7A9BF /* IQKeyboardManagerSwift */,
			);
			productName = "CHit CHat";
			productReference = 2EA018C929D3F89700B7460A /* CHit CHat.app */;
			productType = "com.apple.product-type.application";
		};
/* End PBXNativeTarget section */

/* Begin PBXProject section */
		2EA018C129D3F89700B7460A /* Project object */ = {
			isa = PBXProject;
			attributes = {
				BuildIndependentTargetsInParallel = 1;
				LastSwiftUpdateCheck = 1410;
				LastUpgradeCheck = 1410;
				TargetAttributes = {
					2EA018C829D3F89700B7460A = {
						CreatedOnToolsVersion = 14.1;
					};
				};
			};
			buildConfigurationList = 2EA018C429D3F89700B7460A /* Build configuration list for PBXProject "CHit CHat" */;
			compatibilityVersion = "Xcode 14.0";
			developmentRegion = en;
			hasScannedForEncodings = 0;
			knownRegions = (
				en,
				Base,
			);
			mainGroup = 2EA018C029D3F89700B7460A;
			packageReferences = (
				2EA018E829D3FD3C00B7460A /* XCRemoteSwiftPackageReference "firebase-ios-sdk" */,
				2EBD22E029D5411900F7A9BF /* XCRemoteSwiftPackageReference "IQKeyboardManager" */,
			);
			productRefGroup = 2EA018CA29D3F89700B7460A /* Products */;
			projectDirPath = "";
			projectRoot = "";
			targets = (
				2EA018C829D3F89700B7460A /* CHit CHat */,
			);
		};
/* End PBXProject section */

/* Begin PBXResourcesBuildPhase section */
		2EA018C729D3F89700B7460A /* Resources */ = {
			isa = PBXResourcesBuildPhase;
			buildActionMask = 2147483647;
			files = (
				2EA018D929D3F89B00B7460A /* LaunchScreen.storyboard in Resources */,
				2EA018E729D3FB4500B7460A /* GoogleService-Info.plist in Resources */,
				2EA018D629D3F89B00B7460A /* Assets.xcassets in Resources */,
				2EA018D429D3F89700B7460A /* Main.storyboard in Resources */,
			);
			runOnlyForDeploymentPostprocessing = 0;
		};
/* End PBXResourcesBuildPhase section */

/* Begin PBXSourcesBuildPhase section */
		2EA018C529D3F89700B7460A /* Sources */ = {
			isa = PBXSourcesBuildPhase;
			buildActionMask = 2147483647;
			files = (
				2EA018D129D3F89700B7460A /* ViewController.swift in Sources */,
				2EA018CD29D3F89700B7460A /* AppDelegate.swift in Sources */,
				2EA018CF29D3F89700B7460A /* SceneDelegate.swift in Sources */,
				2EA018E329D3FA5C00B7460A /* LoginViewController.swift in Sources */,
				2EA018E529D3FA9900B7460A /* ChatViewController.swift in Sources */,
				2EA018E129D3FA4800B7460A /* RegisterViewController.swift in Sources */,
			);
			runOnlyForDeploymentPostprocessing = 0;
		};
/* End PBXSourcesBuildPhase section */

/* Begin PBXVariantGroup section */
		2EA018D229D3F89700B7460A /* Main.storyboard */ = {
			isa = PBXVariantGroup;
			children = (
				2EA018D329D3F89700B7460A /* Base */,
			);
			name = Main.storyboard;
			sourceTree = "<group>";
		};
		2EA018D729D3F89B00B7460A /* LaunchScreen.storyboard */ = {
			isa = PBXVariantGroup;
			children = (
				2EA018D829D3F89B00B7460A /* Base */,
			);
			name = LaunchScreen.storyboard;
			sourceTree = "<group>";
		};
/* End PBXVariantGroup section */

/* Begin XCBuildConfiguration section */
		2EA018DB29D3F89B00B7460A /* Debug */ = {
			isa = XCBuildConfiguration;
			buildSettings = {
				ALWAYS_SEARCH_USER_PATHS = NO;
				CLANG_ANALYZER_NONNULL = YES;
				CLANG_ANALYZER_NUMBER_OBJECT_CONVERSION = YES_AGGRESSIVE;
				CLANG_CXX_LANGUAGE_STANDARD = "gnu++20";
				CLANG_ENABLE_MODULES = YES;
				CLANG_ENABLE_OBJC_ARC = YES;
				CLANG_ENABLE_OBJC_WEAK = YES;
				CLANG_WARN_BLOCK_CAPTURE_AUTORELEASING = YES;
				CLANG_WARN_BOOL_CONVERSION = YES;
				CLANG_WARN_COMMA = YES;
				CLANG_WARN_CONSTANT_CONVERSION = YES;
				CLANG_WARN_DEPRECATED_OBJC_IMPLEMENTATIONS = YES;
				CLANG_WARN_DIRECT_OBJC_ISA_USAGE = YES_ERROR;
				CLANG_WARN_DOCUMENTATION_COMMENTS = YES;
				CLANG_WARN_EMPTY_BODY = YES;
				CLANG_WARN_ENUM_CONVERSION = YES;
				CLANG_WARN_INFINITE_RECURSION = YES;
				CLANG_WARN_INT_CONVERSION = YES;
				CLANG_WARN_NON_LITERAL_NULL_CONVERSION = YES;
				CLANG_WARN_OBJC_IMPLICIT_RETAIN_SELF = YES;
				CLANG_WARN_OBJC_LITERAL_CONVERSION = YES;
				CLANG_WARN_OBJC_ROOT_CLASS = YES_ERROR;
				CLANG_WARN_QUOTED_INCLUDE_IN_FRAMEWORK_HEADER = YES;
				CLANG_WARN_RANGE_LOOP_ANALYSIS = YES;
				CLANG_WARN_STRICT_PROTOTYPES = YES;
				CLANG_WARN_SUSPICIOUS_MOVE = YES;
				CLANG_WARN_UNGUARDED_AVAILABILITY = YES_AGGRESSIVE;
				CLANG_WARN_UNREACHABLE_CODE = YES;
				CLANG_WARN__DUPLICATE_METHOD_MATCH = YES;
				COPY_PHASE_STRIP = NO;
				DEBUG_INFORMATION_FORMAT = dwarf;
				ENABLE_STRICT_OBJC_MSGSEND = YES;
				ENABLE_TESTABILITY = YES;
				GCC_C_LANGUAGE_STANDARD = gnu11;
				GCC_DYNAMIC_NO_PIC = NO;
				GCC_NO_COMMON_BLOCKS = YES;
				GCC_OPTIMIZATION_LEVEL = 0;
				GCC_PREPROCESSOR_DEFINITIONS = (
					"DEBUG=1",
					"$(inherited)",
				);
				GCC_WARN_64_TO_32_BIT_CONVERSION = YES;
				GCC_WARN_ABOUT_RETURN_TYPE = YES_ERROR;
				GCC_WARN_UNDECLARED_SELECTOR = YES;
				GCC_WARN_UNINITIALIZED_AUTOS = YES_AGGRESSIVE;
				GCC_WARN_UNUSED_FUNCTION = YES;
				GCC_WARN_UNUSED_VARIABLE = YES;
				IPHONEOS_DEPLOYMENT_TARGET = 16.1;
				MTL_ENABLE_DEBUG_INFO = INCLUDE_SOURCE;
				MTL_FAST_MATH = YES;
				ONLY_ACTIVE_ARCH = YES;
				SDKROOT = iphoneos;
				SWIFT_ACTIVE_COMPILATION_CONDITIONS = DEBUG;
				SWIFT_OPTIMIZATION_LEVEL = "-Onone";
			};
			name = Debug;
		};
		2EA018DC29D3F89B00B7460A /* Release */ = {
			isa = XCBuildConfiguration;
			buildSettings = {
				ALWAYS_SEARCH_USER_PATHS = NO;
				CLANG_ANALYZER_NONNULL = YES;
				CLANG_ANALYZER_NUMBER_OBJECT_CONVERSION = YES_AGGRESSIVE;
				CLANG_CXX_LANGUAGE_STANDARD = "gnu++20";
				CLANG_ENABLE_MODULES = YES;
				CLANG_ENABLE_OBJC_ARC = YES;
				CLANG_ENABLE_OBJC_WEAK = YES;
				CLANG_WARN_BLOCK_CAPTURE_AUTORELEASING = YES;
				CLANG_WARN_BOOL_CONVERSION = YES;
				CLANG_WARN_COMMA = YES;
				CLANG_WARN_CONSTANT_CONVERSION = YES;
				CLANG_WARN_DEPRECATED_OBJC_IMPLEMENTATIONS = YES;
				CLANG_WARN_DIRECT_OBJC_ISA_USAGE = YES_ERROR;
				CLANG_WARN_DOCUMENTATION_COMMENTS = YES;
				CLANG_WARN_EMPTY_BODY = YES;
				CLANG_WARN_ENUM_CONVERSION = YES;
				CLANG_WARN_INFINITE_RECURSION = YES;
				CLANG_WARN_INT_CONVERSION = YES;
				CLANG_WARN_NON_LITERAL_NULL_CONVERSION = YES;
				CLANG_WARN_OBJC_IMPLICIT_RETAIN_SELF = YES;
				CLANG_WARN_OBJC_LITERAL_CONVERSION = YES;
				CLANG_WARN_OBJC_ROOT_CLASS = YES_ERROR;
				CLANG_WARN_QUOTED_INCLUDE_IN_FRAMEWORK_HEADER = YES;
				CLANG_WARN_RANGE_LOOP_ANALYSIS = YES;
				CLANG_WARN_STRICT_PROTOTYPES = YES;
				CLANG_WARN_SUSPICIOUS_MOVE = YES;
				CLANG_WARN_UNGUARDED_AVAILABILITY = YES_AGGRESSIVE;
				CLANG_WARN_UNREACHABLE_CODE = YES;
				CLANG_WARN__DUPLICATE_METHOD_MATCH = YES;
				COPY_PHASE_STRIP = NO;
				DEBUG_INFORMATION_FORMAT = "dwarf-with-dsym";
				ENABLE_NS_ASSERTIONS = NO;
				ENABLE_STRICT_OBJC_MSGSEND = YES;
				GCC_C_LANGUAGE_STANDARD = gnu11;
				GCC_NO_COMMON_BLOCKS = YES;
				GCC_WARN_64_TO_32_BIT_CONVERSION = YES;
				GCC_WARN_ABOUT_RETURN_TYPE = YES_ERROR;
				GCC_WARN_UNDECLARED_SELECTOR = YES;
				GCC_WARN_UNINITIALIZED_AUTOS = YES_AGGRESSIVE;
				GCC_WARN_UNUSED_FUNCTION = YES;
				GCC_WARN_UNUSED_VARIABLE = YES;
				IPHONEOS_DEPLOYMENT_TARGET = 16.1;
				MTL_ENABLE_DEBUG_INFO = NO;
				MTL_FAST_MATH = YES;
				SDKROOT = iphoneos;
				SWIFT_COMPILATION_MODE = wholemodule;
				SWIFT_OPTIMIZATION_LEVEL = "-O";
				VALIDATE_PRODUCT = YES;
			};
			name = Release;
		};
		2EA018DE29D3F89B00B7460A /* Debug */ = {
			isa = XCBuildConfiguration;
			buildSettings = {
				ASSETCATALOG_COMPILER_APPICON_NAME = AppIcon;
				ASSETCATALOG_COMPILER_GLOBAL_ACCENT_COLOR_NAME = AccentColor;
				CODE_SIGN_STYLE = Automatic;
				CURRENT_PROJECT_VERSION = 1;
				DEVELOPMENT_TEAM = TVT46W59WH;
				GENERATE_INFOPLIST_FILE = YES;
				INFOPLIST_FILE = "CHit CHat/Info.plist";
				INFOPLIST_KEY_UIApplicationSupportsIndirectInputEvents = YES;
				INFOPLIST_KEY_UILaunchStoryboardName = LaunchScreen;
				INFOPLIST_KEY_UIMainStoryboardFile = Main;
				INFOPLIST_KEY_UISupportedInterfaceOrientations_iPad = "UIInterfaceOrientationPortrait UIInterfaceOrientationPortraitUpsideDown UIInterfaceOrientationLandscapeLeft UIInterfaceOrientationLandscapeRight";
				INFOPLIST_KEY_UISupportedInterfaceOrientations_iPhone = "UIInterfaceOrientationPortrait UIInterfaceOrientationLandscapeLeft UIInterfaceOrientationLandscapeRight";
				LD_RUNPATH_SEARCH_PATHS = (
					"$(inherited)",
					"@executable_path/Frameworks",
				);
				MARKETING_VERSION = 1.0;
				PRODUCT_BUNDLE_IDENTIFIER = "Om-Kamble.CHit-CHat";
				PRODUCT_NAME = "$(TARGET_NAME)";
				SWIFT_EMIT_LOC_STRINGS = YES;
				SWIFT_VERSION = 5.0;
				TARGETED_DEVICE_FAMILY = "1,2";
			};
			name = Debug;
		};
		2EA018DF29D3F89B00B7460A /* Release */ = {
			isa = XCBuildConfiguration;
			buildSettings = {
				ASSETCATALOG_COMPILER_APPICON_NAME = AppIcon;
				ASSETCATALOG_COMPILER_GLOBAL_ACCENT_COLOR_NAME = AccentColor;
				CODE_SIGN_STYLE = Automatic;
				CURRENT_PROJECT_VERSION = 1;
				DEVELOPMENT_TEAM = TVT46W59WH;
				GENERATE_INFOPLIST_FILE = YES;
				INFOPLIST_FILE = "CHit CHat/Info.plist";
				INFOPLIST_KEY_UIApplicationSupportsIndirectInputEvents = YES;
				INFOPLIST_KEY_UILaunchStoryboardName = LaunchScreen;
				INFOPLIST_KEY_UIMainStoryboardFile = Main;
				INFOPLIST_KEY_UISupportedInterfaceOrientations_iPad = "UIInterfaceOrientationPortrait UIInterfaceOrientationPortraitUpsideDown UIInterfaceOrientationLandscapeLeft UIInterfaceOrientationLandscapeRight";
				INFOPLIST_KEY_UISupportedInterfaceOrientations_iPhone = "UIInterfaceOrientationPortrait UIInterfaceOrientationLandscapeLeft UIInterfaceOrientationLandscapeRight";
				LD_RUNPATH_SEARCH_PATHS = (
					"$(inherited)",
					"@executable_path/Frameworks",
				);
				MARKETING_VERSION = 1.0;
				PRODUCT_BUNDLE_IDENTIFIER = "Om-Kamble.CHit-CHat";
				PRODUCT_NAME = "$(TARGET_NAME)";
				SWIFT_EMIT_LOC_STRINGS = YES;
				SWIFT_VERSION = 5.0;
				TARGETED_DEVICE_FAMILY = "1,2";
			};
			name = Release;
		};
/* End XCBuildConfiguration section */

/* Begin XCConfigurationList section */
		2EA018C429D3F89700B7460A /* Build configuration list for PBXProject "CHit CHat" */ = {
			isa = XCConfigurationList;
			buildConfigurations = (
				2EA018DB29D3F89B00B7460A /* Debug */,
				2EA018DC29D3F89B00B7460A /* Release */,
			);
			defaultConfigurationIsVisible = 0;
			defaultConfigurationName = Release;
		};
		2EA018DD29D3F89B00B7460A /* Build configuration list for PBXNativeTarget "CHit CHat" */ = {
			isa = XCConfigurationList;
			buildConfigurations = (
				2EA018DE29D3F89B00B7460A /* Debug */,
				2EA018DF29D3F89B00B7460A /* Release */,
			);
			defaultConfigurationIsVisible = 0;
			defaultConfigurationName = Release;
		};
/* End XCConfigurationList section */

/* Begin XCRemoteSwiftPackageReference section */
		2EA018E829D3FD3C00B7460A /* XCRemoteSwiftPackageReference "firebase-ios-sdk" */ = {
			isa = XCRemoteSwiftPackageReference;
			repositoryURL = "https://github.com/firebase/firebase-ios-sdk";
			requirement = {
				branch = master;
				kind = branch;
			};
		};
		2EBD22E029D5411900F7A9BF /* XCRemoteSwiftPackageReference "IQKeyboardManager" */ = {
			isa = XCRemoteSwiftPackageReference;
			repositoryURL = "https://github.com/hackiftekhar/IQKeyboardManager";
			requirement = {
				branch = master;
				kind = branch;
			};
		};
/* End XCRemoteSwiftPackageReference section */

/* Begin XCSwiftPackageProductDependency section */
		2EA018E929D3FD3D00B7460A /* FirebaseAnalytics */ = {
			isa = XCSwiftPackageProductDependency;
			package = 2EA018E829D3FD3C00B7460A /* XCRemoteSwiftPackageReference "firebase-ios-sdk" */;
			productName = FirebaseAnalytics;
		};
		2EA018EB29D3FD3D00B7460A /* FirebaseAnalyticsOnDeviceConversion */ = {
			isa = XCSwiftPackageProductDependency;
			package = 2EA018E829D3FD3C00B7460A /* XCRemoteSwiftPackageReference "firebase-ios-sdk" */;
			productName = FirebaseAnalyticsOnDeviceConversion;
		};
		2EA018ED29D3FD3D00B7460A /* FirebaseAnalyticsSwift */ = {
			isa = XCSwiftPackageProductDependency;
			package = 2EA018E829D3FD3C00B7460A /* XCRemoteSwiftPackageReference "firebase-ios-sdk" */;
			productName = FirebaseAnalyticsSwift;
		};
		2EA018EF29D3FD3D00B7460A /* FirebaseAnalyticsWithoutAdIdSupport */ = {
			isa = XCSwiftPackageProductDependency;
			package = 2EA018E829D3FD3C00B7460A /* XCRemoteSwiftPackageReference "firebase-ios-sdk" */;
			productName = FirebaseAnalyticsWithoutAdIdSupport;
		};
		2EA018F129D3FD3D00B7460A /* FirebaseAppCheck */ = {
			isa = XCSwiftPackageProductDependency;
			package = 2EA018E829D3FD3C00B7460A /* XCRemoteSwiftPackageReference "firebase-ios-sdk" */;
			productName = FirebaseAppCheck;
		};
		2EA018F329D3FD3D00B7460A /* FirebaseAppDistribution-Beta */ = {
			isa = XCSwiftPackageProductDependency;
			package = 2EA018E829D3FD3C00B7460A /* XCRemoteSwiftPackageReference "firebase-ios-sdk" */;
			productName = "FirebaseAppDistribution-Beta";
		};
		2EA018F529D3FD3D00B7460A /* FirebaseAuth */ = {
			isa = XCSwiftPackageProductDependency;
			package = 2EA018E829D3FD3C00B7460A /* XCRemoteSwiftPackageReference "firebase-ios-sdk" */;
			productName = FirebaseAuth;
		};
		2EA018F729D3FD3D00B7460A /* FirebaseAuthCombine-Community */ = {
			isa = XCSwiftPackageProductDependency;
			package = 2EA018E829D3FD3C00B7460A /* XCRemoteSwiftPackageReference "firebase-ios-sdk" */;
			productName = "FirebaseAuthCombine-Community";
		};
		2EA018F929D3FD3D00B7460A /* FirebaseCrashlytics */ = {
			isa = XCSwiftPackageProductDependency;
			package = 2EA018E829D3FD3C00B7460A /* XCRemoteSwiftPackageReference "firebase-ios-sdk" */;
			productName = FirebaseCrashlytics;
		};
		2EA018FB29D3FD3D00B7460A /* FirebaseDatabase */ = {
			isa = XCSwiftPackageProductDependency;
			package = 2EA018E829D3FD3C00B7460A /* XCRemoteSwiftPackageReference "firebase-ios-sdk" */;
			productName = FirebaseDatabase;
		};
		2EA018FD29D3FD3D00B7460A /* FirebaseDatabaseSwift */ = {
			isa = XCSwiftPackageProductDependency;
			package = 2EA018E829D3FD3C00B7460A /* XCRemoteSwiftPackageReference "firebase-ios-sdk" */;
			productName = FirebaseDatabaseSwift;
		};
		2EA018FF29D3FD3D00B7460A /* FirebaseDynamicLinks */ = {
			isa = XCSwiftPackageProductDependency;
			package = 2EA018E829D3FD3C00B7460A /* XCRemoteSwiftPackageReference "firebase-ios-sdk" */;
			productName = FirebaseDynamicLinks;
		};
		2EA0190129D3FD3D00B7460A /* FirebaseFirestore */ = {
			isa = XCSwiftPackageProductDependency;
			package = 2EA018E829D3FD3C00B7460A /* XCRemoteSwiftPackageReference "firebase-ios-sdk" */;
			productName = FirebaseFirestore;
		};
		2EA0190329D3FD3D00B7460A /* FirebaseFirestoreCombine-Community */ = {
			isa = XCSwiftPackageProductDependency;
			package = 2EA018E829D3FD3C00B7460A /* XCRemoteSwiftPackageReference "firebase-ios-sdk" */;
			productName = "FirebaseFirestoreCombine-Community";
		};
		2EA0190529D3FD3D00B7460A /* FirebaseFirestoreSwift */ = {
			isa = XCSwiftPackageProductDependency;
			package = 2EA018E829D3FD3C00B7460A /* XCRemoteSwiftPackageReference "firebase-ios-sdk" */;
			productName = FirebaseFirestoreSwift;
		};
		2EA0190729D3FD3D00B7460A /* FirebaseFunctions */ = {
			isa = XCSwiftPackageProductDependency;
			package = 2EA018E829D3FD3C00B7460A /* XCRemoteSwiftPackageReference "firebase-ios-sdk" */;
			productName = FirebaseFunctions;
		};
		2EA0190929D3FD3D00B7460A /* FirebaseFunctionsCombine-Community */ = {
			isa = XCSwiftPackageProductDependency;
			package = 2EA018E829D3FD3C00B7460A /* XCRemoteSwiftPackageReference "firebase-ios-sdk" */;
			productName = "FirebaseFunctionsCombine-Community";
		};
		2EA0190B29D3FD3D00B7460A /* FirebaseInAppMessaging-Beta */ = {
			isa = XCSwiftPackageProductDependency;
			package = 2EA018E829D3FD3C00B7460A /* XCRemoteSwiftPackageReference "firebase-ios-sdk" */;
			productName = "FirebaseInAppMessaging-Beta";
		};
		2EA0190D29D3FD3D00B7460A /* FirebaseInAppMessagingSwift-Beta */ = {
			isa = XCSwiftPackageProductDependency;
			package = 2EA018E829D3FD3C00B7460A /* XCRemoteSwiftPackageReference "firebase-ios-sdk" */;
			productName = "FirebaseInAppMessagingSwift-Beta";
		};
		2EA0190F29D3FD3D00B7460A /* FirebaseInstallations */ = {
			isa = XCSwiftPackageProductDependency;
			package = 2EA018E829D3FD3C00B7460A /* XCRemoteSwiftPackageReference "firebase-ios-sdk" */;
			productName = FirebaseInstallations;
		};
		2EA0191129D3FD3D00B7460A /* FirebaseMLModelDownloader */ = {
			isa = XCSwiftPackageProductDependency;
			package = 2EA018E829D3FD3C00B7460A /* XCRemoteSwiftPackageReference "firebase-ios-sdk" */;
			productName = FirebaseMLModelDownloader;
		};
		2EA0191329D3FD3D00B7460A /* FirebaseMessaging */ = {
			isa = XCSwiftPackageProductDependency;
			package = 2EA018E829D3FD3C00B7460A /* XCRemoteSwiftPackageReference "firebase-ios-sdk" */;
			productName = FirebaseMessaging;
		};
		2EA0191529D3FD3D00B7460A /* FirebasePerformance */ = {
			isa = XCSwiftPackageProductDependency;
			package = 2EA018E829D3FD3C00B7460A /* XCRemoteSwiftPackageReference "firebase-ios-sdk" */;
			productName = FirebasePerformance;
		};
		2EA0191729D3FD3D00B7460A /* FirebaseRemoteConfig */ = {
			isa = XCSwiftPackageProductDependency;
			package = 2EA018E829D3FD3C00B7460A /* XCRemoteSwiftPackageReference "firebase-ios-sdk" */;
			productName = FirebaseRemoteConfig;
		};
		2EA0191929D3FD3D00B7460A /* FirebaseRemoteConfigSwift */ = {
			isa = XCSwiftPackageProductDependency;
			package = 2EA018E829D3FD3C00B7460A /* XCRemoteSwiftPackageReference "firebase-ios-sdk" */;
			productName = FirebaseRemoteConfigSwift;
		};
		2EA0191B29D3FD3D00B7460A /* FirebaseStorage */ = {
			isa = XCSwiftPackageProductDependency;
			package = 2EA018E829D3FD3C00B7460A /* XCRemoteSwiftPackageReference "firebase-ios-sdk" */;
			productName = FirebaseStorage;
		};
		2EA0191D29D3FD3D00B7460A /* FirebaseStorageCombine-Community */ = {
			isa = XCSwiftPackageProductDependency;
			package = 2EA018E829D3FD3C00B7460A /* XCRemoteSwiftPackageReference "firebase-ios-sdk" */;
			productName = "FirebaseStorageCombine-Community";
		};
		2EBD22E129D5411900F7A9BF /* IQKeyboardManagerSwift */ = {
			isa = XCSwiftPackageProductDependency;
			package = 2EBD22E029D5411900F7A9BF /* XCRemoteSwiftPackageReference "IQKeyboardManager" */;
			productName = IQKeyboardManagerSwift;
		};
/* End XCSwiftPackageProductDependency section */
	};
	rootObject = 2EA018C129D3F89700B7460A /* Project object */;
}
